
Microsoft Visual Studio Solution File, Format Version 12.00
# Visual Studio 15
VisualStudioVersion = 15.0.28307.136
MinimumVisualStudioVersion = 10.0.40219.1
Project("{FAE04EC0-301F-11D3-BF4B-00C04F79EFBC}") = "Biible", "Biible\Biible.csproj", "{94C2A9F2-3FE7-4BC2-9022-DC6C1030A95C}"
EndProject
Global
	GlobalSection(SolutionConfigurationPlatforms) = preSolution
		Debug|Any CPU = Debug|Any CPU
		Release|Any CPU = Release|Any CPU
	EndGlobalSection
	GlobalSection(ProjectConfigurationPlatforms) = postSolution
		{94C2A9F2-3FE7-4BC2-9022-DC6C1030A95C}.Debug|Any CPU.ActiveCfg = Debug|Any CPU
		{94C2A9F2-3FE7-4BC2-9022-DC6C1030A95C}.Debug|Any CPU.Build.0 = Debug|Any CPU
		{94C2A9F2-3FE7-4BC2-9022-DC6C1030A95C}.Release|Any CPU.ActiveCfg = Release|Any CPU
		{94C2A9F2-3FE7-4BC2-9022-DC6C1030A95C}.Release|Any CPU.Build.0 = Release|Any CPU
	EndGlobalSection
	GlobalSection(SolutionProperties) = preSolution
		HideSolutionNode = FALSE
	EndGlobalSection
	GlobalSection(ExtensibilityGlobals) = postSolution
		SolutionGuid = {B541D68E-3A1F-4FE6-ACF9-64AC5F347BE9}
	EndGlobalSection
EndGlobal
