
Microsoft Visual Studio Solution File, Format Version 12.00
# Visual Studio 15
VisualStudioVersion = 15.0.28307.168
MinimumVisualStudioVersion = 10.0.40219.1
Project("{9A19103F-16F7-4668-BE54-9A1E7A4F7556}") = "Biible.API", "Biible.API\Biible.API.csproj", "{EA7F6280-2406-4A65-A6FE-2FE467ACD58F}"
EndProject
Global
	GlobalSection(SolutionConfigurationPlatforms) = preSolution
		Debug|Any CPU = Debug|Any CPU
		Release|Any CPU = Release|Any CPU
	EndGlobalSection
	GlobalSection(ProjectConfigurationPlatforms) = postSolution
		{EA7F6280-2406-4A65-A6FE-2FE467ACD58F}.Debug|Any CPU.ActiveCfg = Debug|Any CPU
		{EA7F6280-2406-4A65-A6FE-2FE467ACD58F}.Debug|Any CPU.Build.0 = Debug|Any CPU
		{EA7F6280-2406-4A65-A6FE-2FE467ACD58F}.Release|Any CPU.ActiveCfg = Release|Any CPU
		{EA7F6280-2406-4A65-A6FE-2FE467ACD58F}.Release|Any CPU.Build.0 = Release|Any CPU
	EndGlobalSection
	GlobalSection(SolutionProperties) = preSolution
		HideSolutionNode = FALSE
	EndGlobalSection
	GlobalSection(ExtensibilityGlobals) = postSolution
		SolutionGuid = {4185221B-94A9-4458-A013-34736F2C2C08}
	EndGlobalSection
EndGlobal
